Microsoft Visual Studio Solution File, Format Version 12.00
# Visual Studio Version 17
VisualStudioVersion = 17.5.2.0
MinimumVisualStudioVersion = 10.0.40219.1
Project("{2150E333-8FDC-42A3-9474-1A3956D46DE8}") = "C#", "C#", "{1DBD47E2-544B-F58A-27AE-70AE938492FA}"
EndProject
Project("{FAE04EC0-301F-11D3-BF4B-00C04F79EFBC}") = "lista-arrays", "C#\lista-arrays\lista-arrays.csproj", "{9376FC8A-B647-5D9C-99CD-A0F8C4F845C9}"
EndProject
Global
	GlobalSection(SolutionConfigurationPlatforms) = preSolution
		Debug|Any CPU = Debug|Any CPU
		Release|Any CPU = Release|Any CPU
	EndGlobalSection
	GlobalSection(ProjectConfigurationPlatforms) = postSolution
		{9376FC8A-B647-5D9C-99CD-A0F8C4F845C9}.Debug|Any CPU.ActiveCfg = Debug|Any CPU
		{9376FC8A-B647-5D9C-99CD-A0F8C4F845C9}.Debug|Any CPU.Build.0 = Debug|Any CPU
		{9376FC8A-B647-5D9C-99CD-A0F8C4F845C9}.Release|Any CPU.ActiveCfg = Release|Any CPU
		{9376FC8A-B647-5D9C-99CD-A0F8C4F845C9}.Release|Any CPU.Build.0 = Release|Any CPU
	EndGlobalSection
	GlobalSection(SolutionProperties) = preSolution
		HideSolutionNode = FALSE
	EndGlobalSection
	GlobalSection(NestedProjects) = preSolution
		{9376FC8A-B647-5D9C-99CD-A0F8C4F845C9} = {1DBD47E2-544B-F58A-27AE-70AE938492FA}
	EndGlobalSection
	GlobalSection(ExtensibilityGlobals) = postSolution
		SolutionGuid = {A2A37A54-B8CE-4E15-9A0E-837B32E4ED69}
	EndGlobalSection
EndGlobal
