Microsoft Visual Studio Solution File, Format Version 12.00
# Visual Studio Version 17
VisualStudioVersion = 17.5.2.0
MinimumVisualStudioVersion = 10.0.40219.1
Project("{FAE04EC0-301F-11D3-BF4B-00C04F79EFBC}") = "exercicio-1", "exercicio-1\exercicio-1.csproj", "{F41174B4-4DEE-423C-54B0-07738242C1FF}"
EndProject
Project("{FAE04EC0-301F-11D3-BF4B-00C04F79EFBC}") = "exercicio-2", "exercicio-2\exercicio-2.csproj", "{92A3879B-AFD1-66F6-8395-963E4A09E250}"
EndProject
Project("{FAE04EC0-301F-11D3-BF4B-00C04F79EFBC}") = "lista_3_structs_classes", "exercicio-3\lista_3_structs_classes.csproj", "{D0E27CEB-8D50-6869-456D-F1F6099FDAFF}"
EndProject
Global
	GlobalSection(SolutionConfigurationPlatforms) = preSolution
		Debug|Any CPU = Debug|Any CPU
		Release|Any CPU = Release|Any CPU
	EndGlobalSection
	GlobalSection(ProjectConfigurationPlatforms) = postSolution
		{F41174B4-4DEE-423C-54B0-07738242C1FF}.Debug|Any CPU.ActiveCfg = Debug|Any CPU
		{F41174B4-4DEE-423C-54B0-07738242C1FF}.Debug|Any CPU.Build.0 = Debug|Any CPU
		{F41174B4-4DEE-423C-54B0-07738242C1FF}.Release|Any CPU.ActiveCfg = Release|Any CPU
		{F41174B4-4DEE-423C-54B0-07738242C1FF}.Release|Any CPU.Build.0 = Release|Any CPU
		{92A3879B-AFD1-66F6-8395-963E4A09E250}.Debug|Any CPU.ActiveCfg = Debug|Any CPU
		{92A3879B-AFD1-66F6-8395-963E4A09E250}.Debug|Any CPU.Build.0 = Debug|Any CPU
		{92A3879B-AFD1-66F6-8395-963E4A09E250}.Release|Any CPU.ActiveCfg = Release|Any CPU
		{92A3879B-AFD1-66F6-8395-963E4A09E250}.Release|Any CPU.Build.0 = Release|Any CPU
		{D0E27CEB-8D50-6869-456D-F1F6099FDAFF}.Debug|Any CPU.ActiveCfg = Debug|Any CPU
		{D0E27CEB-8D50-6869-456D-F1F6099FDAFF}.Debug|Any CPU.Build.0 = Debug|Any CPU
		{D0E27CEB-8D50-6869-456D-F1F6099FDAFF}.Release|Any CPU.ActiveCfg = Release|Any CPU
		{D0E27CEB-8D50-6869-456D-F1F6099FDAFF}.Release|Any CPU.Build.0 = Release|Any CPU
	EndGlobalSection
	GlobalSection(SolutionProperties) = preSolution
		HideSolutionNode = FALSE
	EndGlobalSection
	GlobalSection(ExtensibilityGlobals) = postSolution
		SolutionGuid = {25DDA509-A092-49C3-A146-FE1A9D491B45}
	EndGlobalSection
EndGlobal
